{
  "name": "anki-dtop-js",
  "version": "1.0.0",
  "lockfileVersion": 1,
  "requires": true,
  "dependencies": {
    "@types/jquery": {
      "version": "3.3.31",
      "resolved": "https://registry.npmjs.org/@types/jquery/-/jquery-3.3.31.tgz",
      "integrity": "sha512-Lz4BAJihoFw5nRzKvg4nawXPzutkv7wmfQ5121avptaSIXlDNJCUuxZxX/G+9EVidZGuO0UBlk+YjKbwRKJigg==",
      "dev": true,
      "requires": {
        "@types/sizzle": "*"
      }
    },
    "@types/jqueryui": {
      "version": "1.12.9",
      "resolved": "https://registry.npmjs.org/@types/jqueryui/-/jqueryui-1.12.9.tgz",
      "integrity": "sha512-bHE7BiG+5Sviy/eA9Npz5HHF3hv40XjaEbpYtSJPaNwuyxhSJ0qWlE8C5DgNMfobVOZ2aSTrM1iGDCGmvlbxOg==",
      "dev": true,
      "requires": {
        "@types/jquery": "*"
      }
    },
    "@types/mathjax": {
      "version": "0.0.36",
      "resolved": "https://registry.npmjs.org/@types/mathjax/-/mathjax-0.0.36.tgz",
      "integrity": "sha512-TqDJc2GWuTqd/m+G/FbNkN+/TF2OCCHvcawmhIrUaZkdVquMdNZmNiNUkupNg9qctorXXkVLVSogZv1DhmgLmg==",
      "dev": true
    },
    "@types/sizzle": {
      "version": "2.3.2",
      "resolved": "https://registry.npmjs.org/@types/sizzle/-/sizzle-2.3.2.tgz",
      "integrity": "sha512-7EJYyKTL7tFR8+gDbB6Wwz/arpGa0Mywk1TJbNzKzHtzbwVmY4HR9WqS5VV7dsBUKQmPNr192jHr/VpBluj/hg==",
      "dev": true
    },
    "prettier": {
      "version": "1.19.1",
      "resolved": "https://registry.npmjs.org/prettier/-/prettier-1.19.1.tgz",
      "integrity": "sha512-s7PoyDv/II1ObgQunCbB9PdLmUcBZcnWOcxDh7O0N/UwDEsHyqkW+Qh28jW+mVuCdx7gLB0BotYI1Y6uI9iyew==",
      "dev": true
    },
    "typescript": {
      "version": "3.7.3",
      "resolved": "https://registry.npmjs.org/typescript/-/typescript-3.7.3.tgz",
      "integrity": "sha512-Mcr/Qk7hXqFBXMN7p7Lusj1ktCBydylfQM/FZCk5glCNQJrCUKPkMHdo9R0MTFWsC/4kPFvDS0fDPvukfCkFsw==",
      "dev": true
    }
  }
}
